
Microsoft Visual Studio Solution File, Format Version 12.00
# Visual Studio Version 17
VisualStudioVersion = 17.5.33627.172
MinimumVisualStudioVersion = 10.0.40219.1
Project("{9A19103F-16F7-4668-BE54-9A1E7A4F7556}") = "Basics", "Basics\Basics.csproj", "{8E337711-E9B2-46FA-8890-87F563F6A1D3}"
EndProject
Project("{9A19103F-16F7-4668-BE54-9A1E7A4F7556}") = "Test", "Test\Test.csproj", "{EBA8A6AC-8E3B-488A-A2D4-58ADE021B4D1}"
EndProject
Project("{FAE04EC0-301F-11D3-BF4B-00C04F79EFBC}") = "DesignPatterns", "DesignPatterns\DesignPatterns.csproj", "{6F7736AF-BC2B-4014-B707-646DBED33B7F}"
EndProject
Global
	GlobalSection(SolutionConfigurationPlatforms) = preSolution
		Debug|Any CPU = Debug|Any CPU
		Release|Any CPU = Release|Any CPU
	EndGlobalSection
	GlobalSection(ProjectConfigurationPlatforms) = postSolution
		{8E337711-E9B2-46FA-8890-87F563F6A1D3}.Debug|Any CPU.ActiveCfg = Debug|Any CPU
		{8E337711-E9B2-46FA-8890-87F563F6A1D3}.Debug|Any CPU.Build.0 = Debug|Any CPU
		{8E337711-E9B2-46FA-8890-87F563F6A1D3}.Release|Any CPU.ActiveCfg = Release|Any CPU
		{8E337711-E9B2-46FA-8890-87F563F6A1D3}.Release|Any CPU.Build.0 = Release|Any CPU
		{EBA8A6AC-8E3B-488A-A2D4-58ADE021B4D1}.Debug|Any CPU.ActiveCfg = Debug|Any CPU
		{EBA8A6AC-8E3B-488A-A2D4-58ADE021B4D1}.Debug|Any CPU.Build.0 = Debug|Any CPU
		{EBA8A6AC-8E3B-488A-A2D4-58ADE021B4D1}.Release|Any CPU.ActiveCfg = Release|Any CPU
		{EBA8A6AC-8E3B-488A-A2D4-58ADE021B4D1}.Release|Any CPU.Build.0 = Release|Any CPU
		{6F7736AF-BC2B-4014-B707-646DBED33B7F}.Debug|Any CPU.ActiveCfg = Debug|Any CPU
		{6F7736AF-BC2B-4014-B707-646DBED33B7F}.Debug|Any CPU.Build.0 = Debug|Any CPU
		{6F7736AF-BC2B-4014-B707-646DBED33B7F}.Release|Any CPU.ActiveCfg = Release|Any CPU
		{6F7736AF-BC2B-4014-B707-646DBED33B7F}.Release|Any CPU.Build.0 = Release|Any CPU
	EndGlobalSection
	GlobalSection(SolutionProperties) = preSolution
		HideSolutionNode = FALSE
	EndGlobalSection
	GlobalSection(ExtensibilityGlobals) = postSolution
		SolutionGuid = {2E4B6A31-566D-4A56-8C5A-881A60B58E42}
	EndGlobalSection
EndGlobal
